hash: 252caef0f2b88e49694fe4bcb0a65b63985b3d9636a8f0d0554a97ea7a08d181
updated: 2016-04-24T22:46:00.441659134+08:00
imports:
- name: github.com/codegangsta/cli
  version: 71f57d300dd6a780ac1856c005c4b518cfd498ec
- name: github.com/miclle/brandy
  version: 8c8939ba5576b65ea42ac986d7d4e6e5c6912a75
  subpackages:
  - action
  - logger
- name: gopkg.in/yaml.v2
  version: a83829b6f1293c91addabc89d0571c246397bbf4
devImports: []
